
Microsoft Visual Studio Solution File, Format Version 12.00
# Visual Studio Version 17
VisualStudioVersion = 17.5.33502.453
MinimumVisualStudioVersion = 10.0.40219.1
Project("{9A19103F-16F7-4668-BE54-9A1E7A4F7556}") = "PowerEnums", "PowerEnums\PowerEnums.csproj", "{04E1565D-EA65-4932-BF46-588C8F152E5F}"
EndProject
Project("{FAE04EC0-301F-11D3-BF4B-00C04F79EFBC}") = "PowerEnums.Test", "PowerEnums.Test\PowerEnums.Test.csproj", "{A118A6FD-C23A-4161-BA12-7F153C25F6AB}"
EndProject
Global
	GlobalSection(SolutionConfigurationPlatforms) = preSolution
		Debug|Any CPU = Debug|Any CPU
		Release|Any CPU = Release|Any CPU
	EndGlobalSection
	GlobalSection(ProjectConfigurationPlatforms) = postSolution
		{04E1565D-EA65-4932-BF46-588C8F152E5F}.Debug|Any CPU.ActiveCfg = Debug|Any CPU
		{04E1565D-EA65-4932-BF46-588C8F152E5F}.Debug|Any CPU.Build.0 = Debug|Any CPU
		{04E1565D-EA65-4932-BF46-588C8F152E5F}.Release|Any CPU.ActiveCfg = Release|Any CPU
		{04E1565D-EA65-4932-BF46-588C8F152E5F}.Release|Any CPU.Build.0 = Release|Any CPU
		{A118A6FD-C23A-4161-BA12-7F153C25F6AB}.Debug|Any CPU.ActiveCfg = Debug|Any CPU
		{A118A6FD-C23A-4161-BA12-7F153C25F6AB}.Debug|Any CPU.Build.0 = Debug|Any CPU
		{A118A6FD-C23A-4161-BA12-7F153C25F6AB}.Release|Any CPU.ActiveCfg = Release|Any CPU
		{A118A6FD-C23A-4161-BA12-7F153C25F6AB}.Release|Any CPU.Build.0 = Release|Any CPU
	EndGlobalSection
	GlobalSection(SolutionProperties) = preSolution
		HideSolutionNode = FALSE
	EndGlobalSection
	GlobalSection(ExtensibilityGlobals) = postSolution
		SolutionGuid = {28BFACED-1E63-4EFB-A464-9B1422AB4A43}
	EndGlobalSection
EndGlobal
